
Microsoft Visual Studio Solution File, Format Version 12.00
# Visual Studio 15
VisualStudioVersion = 15.0.27130.2027
MinimumVisualStudioVersion = 10.0.40219.1
Project("{FAE04EC0-301F-11D3-BF4B-00C04F79EFBC}") = "YuewenNote", "YuewenNote\YuewenNote.csproj", "{76E365F1-47FD-4491-A4D7-F272E0AA5291}"
EndProject
Project("{FAE04EC0-301F-11D3-BF4B-00C04F79EFBC}") = "YuewenNoteLibrary", "YuewenNoteLibrary\YuewenNoteLibrary.csproj", "{1A5953EC-3EF4-450C-9B1B-9D1B32434EB4}"
EndProject
Global
	GlobalSection(SolutionConfigurationPlatforms) = preSolution
		Debug|Any CPU = Debug|Any CPU
		Debug|x64 = Debug|x64
		Debug|x86 = Debug|x86
		Release|Any CPU = Release|Any CPU
		Release|x64 = Release|x64
		Release|x86 = Release|x86
	EndGlobalSection
	GlobalSection(ProjectConfigurationPlatforms) = postSolution
		{76E365F1-47FD-4491-A4D7-F272E0AA5291}.Debug|Any CPU.ActiveCfg = Debug|Any CPU
		{76E365F1-47FD-4491-A4D7-F272E0AA5291}.Debug|Any CPU.Build.0 = Debug|Any CPU
		{76E365F1-47FD-4491-A4D7-F272E0AA5291}.Debug|x64.ActiveCfg = Debug|x64
		{76E365F1-47FD-4491-A4D7-F272E0AA5291}.Debug|x64.Build.0 = Debug|x64
		{76E365F1-47FD-4491-A4D7-F272E0AA5291}.Debug|x86.ActiveCfg = Debug|x86
		{76E365F1-47FD-4491-A4D7-F272E0AA5291}.Debug|x86.Build.0 = Debug|x86
		{76E365F1-47FD-4491-A4D7-F272E0AA5291}.Release|Any CPU.ActiveCfg = Release|Any CPU
		{76E365F1-47FD-4491-A4D7-F272E0AA5291}.Release|Any CPU.Build.0 = Release|Any CPU
		{76E365F1-47FD-4491-A4D7-F272E0AA5291}.Release|x64.ActiveCfg = Release|x64
		{76E365F1-47FD-4491-A4D7-F272E0AA5291}.Release|x64.Build.0 = Release|x64
		{76E365F1-47FD-4491-A4D7-F272E0AA5291}.Release|x86.ActiveCfg = Release|x86
		{76E365F1-47FD-4491-A4D7-F272E0AA5291}.Release|x86.Build.0 = Release|x86
		{1A5953EC-3EF4-450C-9B1B-9D1B32434EB4}.Debug|Any CPU.ActiveCfg = Debug|Any CPU
		{1A5953EC-3EF4-450C-9B1B-9D1B32434EB4}.Debug|Any CPU.Build.0 = Debug|Any CPU
		{1A5953EC-3EF4-450C-9B1B-9D1B32434EB4}.Debug|x64.ActiveCfg = Debug|Any CPU
		{1A5953EC-3EF4-450C-9B1B-9D1B32434EB4}.Debug|x64.Build.0 = Debug|Any CPU
		{1A5953EC-3EF4-450C-9B1B-9D1B32434EB4}.Debug|x86.ActiveCfg = Debug|Any CPU
		{1A5953EC-3EF4-450C-9B1B-9D1B32434EB4}.Debug|x86.Build.0 = Debug|Any CPU
		{1A5953EC-3EF4-450C-9B1B-9D1B32434EB4}.Release|Any CPU.ActiveCfg = Release|Any CPU
		{1A5953EC-3EF4-450C-9B1B-9D1B32434EB4}.Release|Any CPU.Build.0 = Release|Any CPU
		{1A5953EC-3EF4-450C-9B1B-9D1B32434EB4}.Release|x64.ActiveCfg = Release|Any CPU
		{1A5953EC-3EF4-450C-9B1B-9D1B32434EB4}.Release|x64.Build.0 = Release|Any CPU
		{1A5953EC-3EF4-450C-9B1B-9D1B32434EB4}.Release|x86.ActiveCfg = Release|Any CPU
		{1A5953EC-3EF4-450C-9B1B-9D1B32434EB4}.Release|x86.Build.0 = Release|Any CPU
	EndGlobalSection
	GlobalSection(SolutionProperties) = preSolution
		HideSolutionNode = FALSE
	EndGlobalSection
	GlobalSection(ExtensibilityGlobals) = postSolution
		SolutionGuid = {2501B725-1772-4CA8-905F-29E548B15A1E}
	EndGlobalSection
EndGlobal
